
Microsoft Visual Studio Solution File, Format Version 12.00
# Visual Studio Version 17
VisualStudioVersion = 17.14.36212.18 d17.14
MinimumVisualStudioVersion = 10.0.40219.1
Project("{FAE04EC0-301F-11D3-BF4B-00C04F79EFBC}") = "Assignment", "Assignment\Assignment.csproj", "{C25A660B-7DB4-405B-A781-75E79B4A03A4}"
EndProject
Project("{FAE04EC0-301F-11D3-BF4B-00C04F79EFBC}") = "Demo", "Demo\Demo.csproj", "{830944C3-C094-488F-9707-5229689A0D5F}"
EndProject
Project("{FAE04EC0-301F-11D3-BF4B-00C04F79EFBC}") = "Test", "Test\Test.csproj", "{6E8B1D25-4E6A-4C49-AF64-A5D48EA9971D}"
EndProject
Global
	GlobalSection(SolutionConfigurationPlatforms) = preSolution
		Debug|Any CPU = Debug|Any CPU
		Release|Any CPU = Release|Any CPU
	EndGlobalSection
	GlobalSection(ProjectConfigurationPlatforms) = postSolution
		{C25A660B-7DB4-405B-A781-75E79B4A03A4}.Debug|Any CPU.ActiveCfg = Debug|Any CPU
		{C25A660B-7DB4-405B-A781-75E79B4A03A4}.Debug|Any CPU.Build.0 = Debug|Any CPU
		{C25A660B-7DB4-405B-A781-75E79B4A03A4}.Release|Any CPU.ActiveCfg = Release|Any CPU
		{C25A660B-7DB4-405B-A781-75E79B4A03A4}.Release|Any CPU.Build.0 = Release|Any CPU
		{830944C3-C094-488F-9707-5229689A0D5F}.Debug|Any CPU.ActiveCfg = Debug|Any CPU
		{830944C3-C094-488F-9707-5229689A0D5F}.Debug|Any CPU.Build.0 = Debug|Any CPU
		{830944C3-C094-488F-9707-5229689A0D5F}.Release|Any CPU.ActiveCfg = Release|Any CPU
		{830944C3-C094-488F-9707-5229689A0D5F}.Release|Any CPU.Build.0 = Release|Any CPU
		{6E8B1D25-4E6A-4C49-AF64-A5D48EA9971D}.Debug|Any CPU.ActiveCfg = Debug|Any CPU
		{6E8B1D25-4E6A-4C49-AF64-A5D48EA9971D}.Debug|Any CPU.Build.0 = Debug|Any CPU
		{6E8B1D25-4E6A-4C49-AF64-A5D48EA9971D}.Release|Any CPU.ActiveCfg = Release|Any CPU
		{6E8B1D25-4E6A-4C49-AF64-A5D48EA9971D}.Release|Any CPU.Build.0 = Release|Any CPU
	EndGlobalSection
	GlobalSection(SolutionProperties) = preSolution
		HideSolutionNode = FALSE
	EndGlobalSection
	GlobalSection(ExtensibilityGlobals) = postSolution
		SolutionGuid = {3B5BBD55-53EF-4C3F-9B93-D12C3EC327BD}
	EndGlobalSection
EndGlobal
